
Microsoft Visual Studio Solution File, Format Version 12.00
# Visual Studio Version 17
VisualStudioVersion = 17.3.32825.248
MinimumVisualStudioVersion = 10.0.40219.1
Project("{FAE04EC0-301F-11D3-BF4B-00C04F79EFBC}") = "WindowsFormsListaPOOex1", "WindowsFormsListaPOOex1\WindowsFormsListaPOOex1.csproj", "{12946E86-4077-458E-BDCF-029D9B64F0EB}"
EndProject
Global
	GlobalSection(SolutionConfigurationPlatforms) = preSolution
		Debug|Any CPU = Debug|Any CPU
		Release|Any CPU = Release|Any CPU
	EndGlobalSection
	GlobalSection(ProjectConfigurationPlatforms) = postSolution
		{12946E86-4077-458E-BDCF-029D9B64F0EB}.Debug|Any CPU.ActiveCfg = Debug|Any CPU
		{12946E86-4077-458E-BDCF-029D9B64F0EB}.Debug|Any CPU.Build.0 = Debug|Any CPU
		{12946E86-4077-458E-BDCF-029D9B64F0EB}.Release|Any CPU.ActiveCfg = Release|Any CPU
		{12946E86-4077-458E-BDCF-029D9B64F0EB}.Release|Any CPU.Build.0 = Release|Any CPU
	EndGlobalSection
	GlobalSection(SolutionProperties) = preSolution
		HideSolutionNode = FALSE
	EndGlobalSection
	GlobalSection(ExtensibilityGlobals) = postSolution
		SolutionGuid = {BC2401DF-6261-4416-AF6E-75CCBB1F48D7}
	EndGlobalSection
EndGlobal
