
Microsoft Visual Studio Solution File, Format Version 12.00
# Visual Studio Version 17
VisualStudioVersion = 17.11.35327.3
MinimumVisualStudioVersion = 10.0.40219.1
Project("{FAE04EC0-301F-11D3-BF4B-00C04F79EFBC}") = "ListaPooFormsExer12", "ListaPooFormsExer12.csproj", "{11AB6F06-3256-4781-8135-9C37082C0F02}"
EndProject
Global
	GlobalSection(SolutionConfigurationPlatforms) = preSolution
		Debug|Any CPU = Debug|Any CPU
		Release|Any CPU = Release|Any CPU
	EndGlobalSection
	GlobalSection(ProjectConfigurationPlatforms) = postSolution
		{11AB6F06-3256-4781-8135-9C37082C0F02}.Debug|Any CPU.ActiveCfg = Debug|Any CPU
		{11AB6F06-3256-4781-8135-9C37082C0F02}.Debug|Any CPU.Build.0 = Debug|Any CPU
		{11AB6F06-3256-4781-8135-9C37082C0F02}.Release|Any CPU.ActiveCfg = Release|Any CPU
		{11AB6F06-3256-4781-8135-9C37082C0F02}.Release|Any CPU.Build.0 = Release|Any CPU
	EndGlobalSection
	GlobalSection(SolutionProperties) = preSolution
		HideSolutionNode = FALSE
	EndGlobalSection
	GlobalSection(ExtensibilityGlobals) = postSolution
		SolutionGuid = {0481F8B2-848F-4605-8F53-BF6A9F810643}
	EndGlobalSection
EndGlobal
